// !$*UTF8*$!
{
	archiveVersion = 1;
	classes = {
	};
	objectVersion = 50;
	objects = {

/* Begin PBXBuildFile section */
		4EBC46DB23CC596C001040B5 /* customTableViewCell1.swift in Sources */ = {isa = PBXBuildFile; fileRef = 4EBC46DA23CC596C001040B5 /* customTableViewCell1.swift */; };
		4EBC46DD23CC5983001040B5 /* customTableViewCell2.swift in Sources */ = {isa = PBXBuildFile; fileRef = 4EBC46DC23CC5983001040B5 /* customTableViewCell2.swift */; };
		4EC65D1323CC577B000ECCEB /* AppDelegate.swift in Sources */ = {isa = PBXBuildFile; fileRef = 4EC65D1223CC577B000ECCEB /* AppDelegate.swift */; };
		4EC65D1523CC577B000ECCEB /* SceneDelegate.swift in Sources */ = {isa = PBXBuildFile; fileRef = 4EC65D1423CC577B000ECCEB /* SceneDelegate.swift */; };
		4EC65D1723CC577B000ECCEB /* ViewController.swift in Sources */ = {isa = PBXBuildFile; fileRef = 4EC65D1623CC577B000ECCEB /* ViewController.swift */; };
		4EC65D1A23CC577B000ECCEB /* Main.storyboard in Resources */ = {isa = PBXBuildFile; fileRef = 4EC65D1823CC577B000ECCEB /* Main.storyboard */; };
		4EC65D1C23CC577F000ECCEB /* Assets.xcassets in Resources */ = {isa = PBXBuildFile; fileRef = 4EC65D1B23CC577F000ECCEB /* Assets.xcassets */; };
		4EC65D1F23CC577F000ECCEB /* LaunchScreen.storyboard in Resources */ = {isa = PBXBuildFile; fileRef = 4EC65D1D23CC577F000ECCEB /* LaunchScreen.storyboard */; };
/* End PBXBuildFile section */

/* Begin PBXFileReference section */
		4EBC46DA23CC596C001040B5 /* customTableViewCell1.swift */ = {isa = PBXFileReference; lastKnownFileType = sourcecode.swift; path = customTableViewCell1.swift; sourceTree = "<group>"; };
		4EBC46DC23CC5983001040B5 /* customTableViewCell2.swift */ = {isa = PBXFileReference; lastKnownFileType = sourcecode.swift; path = customTableViewCell2.swift; sourceTree = "<group>"; };
		4EC65D0F23CC577B000ECCEB /* tableViewDouble.app */ = {isa = PBXFileReference; explicitFileType = wrapper.application; includeInIndex = 0; path = tableViewDouble.app; sourceTree = BUILT_PRODUCTS_DIR; };
		4EC65D1223CC577B000ECCEB /* AppDelegate.swift */ = {isa = PBXFileReference; lastKnownFileType = sourcecode.swift; path = AppDelegate.swift; sourceTree = "<group>"; };
		4EC65D1423CC577B000ECCEB /* SceneDelegate.swift */ = {isa = PBXFileReference; lastKnownFileType = sourcecode.swift; path = SceneDelegate.swift; sourceTree = "<group>"; };
		4EC65D1623CC577B000ECCEB /* ViewController.swift */ = {isa = PBXFileReference; lastKnownFileType = sourcecode.swift; path = ViewController.swift; sourceTree = "<group>"; };
		4EC65D1923CC577B000ECCEB /* Base */ = {isa = PBXFileReference; lastKnownFileType = file.storyboard; name = Base; path = Base.lproj/Main.storyboard; sourceTree = "<group>"; };
		4EC65D1B23CC577F000ECCEB /* Assets.xcassets */ = {isa = PBXFileReference; lastKnownFileType = folder.assetcatalog; path = Assets.xcassets; sourceTree = "<group>"; };
		4EC65D1E23CC577F000ECCEB /* Base */ = {isa = PBXFileReference; lastKnownFileType = file.storyboard; name = Base; path = Base.lproj/LaunchScreen.storyboard; sourceTree = "<group>"; };
		4EC65D2023CC577F000ECCEB /* Info.plist */ = {isa = PBXFileReference; lastKnownFileType = text.plist.xml; path = Info.plist; sourceTree = "<group>"; };
/* End PBXFileReference section */

/* Begin PBXFrameworksBuildPhase section */
		4EC65D0C23CC577B000ECCEB /* Frameworks */ = {
			isa = PBXFrameworksBuildPhase;
			buildActionMask = 2147483647;
			files = (
			);
			runOnlyForDeploymentPostprocessing = 0;
		};
/* End PBXFrameworksBuildPhase section */

/* Begin PBXGroup section */
		4EC65D0623CC577B000ECCEB = {
			isa = PBXGroup;
			children = (
				4EC65D1123CC577B000ECCEB /* tableViewDouble */,
				4EC65D1023CC577B000ECCEB /* Products */,
			);
			sourceTree = "<group>";
		};
		4EC65D1023CC577B000ECCEB /* Products */ = {
			isa = PBXGroup;
			children = (
				4EC65D0F23CC577B000ECCEB /* tableViewDouble.app */,
			);
			name = Products;
			sourceTree = "<group>";
		};
		4EC65D1123CC577B000ECCEB /* tableViewDouble */ = {
			isa = PBXGroup;
			children = (
				4EC65D1223CC577B000ECCEB /* AppDelegate.swift */,
				4EC65D1423CC577B000ECCEB /* SceneDelegate.swift */,
				4EC65D1623CC577B000ECCEB /* ViewController.swift */,
				4EC65D1823CC577B000ECCEB /* Main.storyboard */,
				4EC65D1B23CC577F000ECCEB /* Assets.xcassets */,
				4EC65D1D23CC577F000ECCEB /* LaunchScreen.storyboard */,
				4EC65D2023CC577F000ECCEB /* Info.plist */,
				4EBC46DA23CC596C001040B5 /* customTableViewCell1.swift */,
				4EBC46DC23CC5983001040B5 /* customTableViewCell2.swift */,
			);
			path = tableViewDouble;
			sourceTree = "<group>";
		};
/* End PBXGroup section */

/* Begin PBXNativeTarget section */
		4EC65D0E23CC577B000ECCEB /* tableViewDouble */ = {
			isa = PBXNativeTarget;
			buildConfigurationList = 4EC65D2323CC577F000ECCEB /* Build configuration list for PBXNativeTarget "tableViewDouble" */;
			buildPhases = (
				4EC65D0B23CC577B000ECCEB /* Sources */,
				4EC65D0C23CC577B000ECCEB /* Frameworks */,
				4EC65D0D23CC577B000ECCEB /* Resources */,
			);
			buildRules = (
			);
			dependencies = (
			);
			name = tableViewDouble;
			productName = tableViewDouble;
			productReference = 4EC65D0F23CC577B000ECCEB /* tableViewDouble.app */;
			productType = "com.apple.product-type.application";
		};
/* End PBXNativeTarget section */

/* Begin PBXProject section */
		4EC65D0723CC577B000ECCEB /* Project object */ = {
			isa = PBXProject;
			attributes = {
				LastSwiftUpdateCheck = 1120;
				LastUpgradeCheck = 1120;
				ORGANIZATIONNAME = Macbook;
				TargetAttributes = {
					4EC65D0E23CC577B000ECCEB = {
						CreatedOnToolsVersion = 11.2.1;
					};
				};
			};
			buildConfigurationList = 4EC65D0A23CC577B000ECCEB /* Build configuration list for PBXProject "tableViewDouble" */;
			compatibilityVersion = "Xcode 9.3";
			developmentRegion = en;
			hasScannedForEncodings = 0;
			knownRegions = (
				en,
				Base,
			);
			mainGroup = 4EC65D0623CC577B000ECCEB;
			productRefGroup = 4EC65D1023CC577B000ECCEB /* Products */;
			projectDirPath = "";
			projectRoot = "";
			targets = (
				4EC65D0E23CC577B000ECCEB /* tableViewDouble */,
			);
		};
/* End PBXProject section */

/* Begin PBXResourcesBuildPhase section */
		4EC65D0D23CC577B000ECCEB /* Resources */ = {
			isa = PBXResourcesBuildPhase;
			buildActionMask = 2147483647;
			files = (
				4EC65D1F23CC577F000ECCEB /* LaunchScreen.storyboard in Resources */,
				4EC65D1C23CC577F000ECCEB /* Assets.xcassets in Resources */,
				4EC65D1A23CC577B000ECCEB /* Main.storyboard in Resources */,
			);
			runOnlyForDeploymentPostprocessing = 0;
		};
/* End PBXResourcesBuildPhase section */

/* Begin PBXSourcesBuildPhase section */
		4EC65D0B23CC577B000ECCEB /* Sources */ = {
			isa = PBXSourcesBuildPhase;
			buildActionMask = 2147483647;
			files = (
				4EBC46DB23CC596C001040B5 /* customTableViewCell1.swift in Sources */,
				4EC65D1723CC577B000ECCEB /* ViewController.swift in Sources */,
				4EC65D1323CC577B000ECCEB /* AppDelegate.swift in Sources */,
				4EC65D1523CC577B000ECCEB /* SceneDelegate.swift in Sources */,
				4EBC46DD23CC5983001040B5 /* customTableViewCell2.swift in Sources */,
			);
			runOnlyForDeploymentPostprocessing = 0;
		};
/* End PBXSourcesBuildPhase section */

/* Begin PBXVariantGroup section */
		4EC65D1823CC577B000ECCEB /* Main.storyboard */ = {
			isa = PBXVariantGroup;
			children = (
				4EC65D1923CC577B000ECCEB /* Base */,
			);
			name = Main.storyboard;
			sourceTree = "<group>";
		};
		4EC65D1D23CC577F000ECCEB /* LaunchScreen.storyboard */ = {
			isa = PBXVariantGroup;
			children = (
				4EC65D1E23CC577F000ECCEB /* Base */,
			);
			name = LaunchScreen.storyboard;
			sourceTree = "<group>";
		};
/* End PBXVariantGroup section */

/* Begin XCBuildConfiguration section */
		4EC65D2123CC577F000ECCEB /* Debug */ = {
			isa = XCBuildConfiguration;
			buildSettings = {
				ALWAYS_SEARCH_USER_PATHS = NO;
				CLANG_ANALYZER_NONNULL = YES;
				CLANG_ANALYZER_NUMBER_OBJECT_CONVERSION = YES_AGGRESSIVE;
				CLANG_CXX_LANGUAGE_STANDARD = "gnu++14";
				CLANG_CXX_LIBRARY = "libc++";
				CLANG_ENABLE_MODULES = YES;
				CLANG_ENABLE_OBJC_ARC = YES;
				CLANG_ENABLE_OBJC_WEAK = YES;
				CLANG_WARN_BLOCK_CAPTURE_AUTORELEASING = YES;
				CLANG_WARN_BOOL_CONVERSION = YES;
				CLANG_WARN_COMMA = YES;
				CLANG_WARN_CONSTANT_CONVERSION = YES;
				CLANG_WARN_DEPRECATED_OBJC_IMPLEMENTATIONS = YES;
				CLANG_WARN_DIRECT_OBJC_ISA_USAGE = YES_ERROR;
				CLANG_WARN_DOCUMENTATION_COMMENTS = YES;
				CLANG_WARN_EMPTY_BODY = YES;
				CLANG_WARN_ENUM_CONVERSION = YES;
				CLANG_WARN_INFINITE_RECURSION = YES;
				CLANG_WARN_INT_CONVERSION = YES;
				CLANG_WARN_NON_LITERAL_NULL_CONVERSION = YES;
				CLANG_WARN_OBJC_IMPLICIT_RETAIN_SELF = YES;
				CLANG_WARN_OBJC_LITERAL_CONVERSION = YES;
				CLANG_WARN_OBJC_ROOT_CLASS = YES_ERROR;
				CLANG_WARN_RANGE_LOOP_ANALYSIS = YES;
				CLANG_WARN_STRICT_PROTOTYPES = YES;
				CLANG_WARN_SUSPICIOUS_MOVE = YES;
				CLANG_WARN_UNGUARDED_AVAILABILITY = YES_AGGRESSIVE;
				CLANG_WARN_UNREACHABLE_CODE = YES;
				CLANG_WARN__DUPLICATE_METHOD_MATCH = YES;
				COPY_PHASE_STRIP = NO;
				DEBUG_INFORMATION_FORMAT = dwarf;
				ENABLE_STRICT_OBJC_MSGSEND = YES;
				ENABLE_TESTABILITY = YES;
				GCC_C_LANGUAGE_STANDARD = gnu11;
				GCC_DYNAMIC_NO_PIC = NO;
				GCC_NO_COMMON_BLOCKS = YES;
				GCC_OPTIMIZATION_LEVEL = 0;
				GCC_PREPROCESSOR_DEFINITIONS = (
					"DEBUG=1",
					"$(inherited)",
				);
				GCC_WARN_64_TO_32_BIT_CONVERSION = YES;
				GCC_WARN_ABOUT_RETURN_TYPE = YES_ERROR;
				GCC_WARN_UNDECLARED_SELECTOR = YES;
				GCC_WARN_UNINITIALIZED_AUTOS = YES_AGGRESSIVE;
				GCC_WARN_UNUSED_FUNCTION = YES;
				GCC_WARN_UNUSED_VARIABLE = YES;
				IPHONEOS_DEPLOYMENT_TARGET = 13.2;
				MTL_ENABLE_DEBUG_INFO = INCLUDE_SOURCE;
				MTL_FAST_MATH = YES;
				ONLY_ACTIVE_ARCH = YES;
				SDKROOT = iphoneos;
				SWIFT_ACTIVE_COMPILATION_CONDITIONS = DEBUG;
				SWIFT_OPTIMIZATION_LEVEL = "-Onone";
			};
			name = Debug;
		};
		4EC65D2223CC577F000ECCEB /* Release */ = {
			isa = XCBuildConfiguration;
			buildSettings = {
				ALWAYS_SEARCH_USER_PATHS = NO;
				CLANG_ANALYZER_NONNULL = YES;
				CLANG_ANALYZER_NUMBER_OBJECT_CONVERSION = YES_AGGRESSIVE;
				CLANG_CXX_LANGUAGE_STANDARD = "gnu++14";
				CLANG_CXX_LIBRARY = "libc++";
				CLANG_ENABLE_MODULES = YES;
				CLANG_ENABLE_OBJC_ARC = YES;
				CLANG_ENABLE_OBJC_WEAK = YES;
				CLANG_WARN_BLOCK_CAPTURE_AUTORELEASING = YES;
				CLANG_WARN_BOOL_CONVERSION = YES;
				CLANG_WARN_COMMA = YES;
				CLANG_WARN_CONSTANT_CONVERSION = YES;
				CLANG_WARN_DEPRECATED_OBJC_IMPLEMENTATIONS = YES;
				CLANG_WARN_DIRECT_OBJC_ISA_USAGE = YES_ERROR;
				CLANG_WARN_DOCUMENTATION_COMMENTS = YES;
				CLANG_WARN_EMPTY_BODY = YES;
				CLANG_WARN_ENUM_CONVERSION = YES;
				CLANG_WARN_INFINITE_RECURSION = YES;
				CLANG_WARN_INT_CONVERSION = YES;
				CLANG_WARN_NON_LITERAL_NULL_CONVERSION = YES;
				CLANG_WARN_OBJC_IMPLICIT_RETAIN_SELF = YES;
				CLANG_WARN_OBJC_LITERAL_CONVERSION = YES;
				CLANG_WARN_OBJC_ROOT_CLASS = YES_ERROR;
				CLANG_WARN_RANGE_LOOP_ANALYSIS = YES;
				CLANG_WARN_STRICT_PROTOTYPES = YES;
				CLANG_WARN_SUSPICIOUS_MOVE = YES;
				CLANG_WARN_UNGUARDED_AVAILABILITY = YES_AGGRESSIVE;
				CLANG_WARN_UNREACHABLE_CODE = YES;
				CLANG_WARN__DUPLICATE_METHOD_MATCH = YES;
				COPY_PHASE_STRIP = NO;
				DEBUG_INFORMATION_FORMAT = "dwarf-with-dsym";
				ENABLE_NS_ASSERTIONS = NO;
				ENABLE_STRICT_OBJC_MSGSEND = YES;
				GCC_C_LANGUAGE_STANDARD = gnu11;
				GCC_NO_COMMON_BLOCKS = YES;
				GCC_WARN_64_TO_32_BIT_CONVERSION = YES;
				GCC_WARN_ABOUT_RETURN_TYPE = YES_ERROR;
				GCC_WARN_UNDECLARED_SELECTOR = YES;
				GCC_WARN_UNINITIALIZED_AUTOS = YES_AGGRESSIVE;
				GCC_WARN_UNUSED_FUNCTION = YES;
				GCC_WARN_UNUSED_VARIABLE = YES;
				IPHONEOS_DEPLOYMENT_TARGET = 13.2;
				MTL_ENABLE_DEBUG_INFO = NO;
				MTL_FAST_MATH = YES;
				SDKROOT = iphoneos;
				SWIFT_COMPILATION_MODE = wholemodule;
				SWIFT_OPTIMIZATION_LEVEL = "-O";
				VALIDATE_PRODUCT = YES;
			};
			name = Release;
		};
		4EC65D2423CC577F000ECCEB /* Debug */ = {
			isa = XCBuildConfiguration;
			buildSettings = {
				ASSETCATALOG_COMPILER_APPICON_NAME = AppIcon;
				CODE_SIGN_STYLE = Automatic;
				INFOPLIST_FILE = tableViewDouble/Info.plist;
				LD_RUNPATH_SEARCH_PATHS = (
					"$(inherited)",
					"@executable_path/Frameworks",
				);
				PRODUCT_BUNDLE_IDENTIFIER = nawafchowdhury.tableViewDouble;
				PRODUCT_NAME = "$(TARGET_NAME)";
				SWIFT_VERSION = 5.0;
				TARGETED_DEVICE_FAMILY = "1,2";
			};
			name = Debug;
		};
		4EC65D2523CC577F000ECCEB /* Release */ = {
			isa = XCBuildConfiguration;
			buildSettings = {
				ASSETCATALOG_COMPILER_APPICON_NAME = AppIcon;
				CODE_SIGN_STYLE = Automatic;
				INFOPLIST_FILE = tableViewDouble/Info.plist;
				LD_RUNPATH_SEARCH_PATHS = (
					"$(inherited)",
					"@executable_path/Frameworks",
				);
				PRODUCT_BUNDLE_IDENTIFIER = nawafchowdhury.tableViewDouble;
				PRODUCT_NAME = "$(TARGET_NAME)";
				SWIFT_VERSION = 5.0;
				TARGETED_DEVICE_FAMILY = "1,2";
			};
			name = Release;
		};
/* End XCBuildConfiguration section */

/* Begin XCConfigurationList section */
		4EC65D0A23CC577B000ECCEB /* Build configuration list for PBXProject "tableViewDouble" */ = {
			isa = XCConfigurationList;
			buildConfigurations = (
				4EC65D2123CC577F000ECCEB /* Debug */,
				4EC65D2223CC577F000ECCEB /* Release */,
			);
			defaultConfigurationIsVisible = 0;
			defaultConfigurationName = Release;
		};
		4EC65D2323CC577F000ECCEB /* Build configuration list for PBXNativeTarget "tableViewDouble" */ = {
			isa = XCConfigurationList;
			buildConfigurations = (
				4EC65D2423CC577F000ECCEB /* Debug */,
				4EC65D2523CC577F000ECCEB /* Release */,
			);
			defaultConfigurationIsVisible = 0;
			defaultConfigurationName = Release;
		};
/* End XCConfigurationList section */
	};
	rootObject = 4EC65D0723CC577B000ECCEB /* Project object */;
}
